
Microsoft Visual Studio Solution File, Format Version 12.00
# Visual Studio Version 17
VisualStudioVersion = 17.9.34607.119
MinimumVisualStudioVersion = 10.0.40219.1
Project("{FAE04EC0-301F-11D3-BF4B-00C04F79EFBC}") = "LocalNotification.MAUI", "LocalNotification.MAUI.csproj", "{A554C730-5B78-4515-86DE-B6CB2CC9B234}"
EndProject
Global
	GlobalSection(SolutionConfigurationPlatforms) = preSolution
		Debug|Any CPU = Debug|Any CPU
		Release|Any CPU = Release|Any CPU
	EndGlobalSection
	GlobalSection(ProjectConfigurationPlatforms) = postSolution
		{A554C730-5B78-4515-86DE-B6CB2CC9B234}.Debug|Any CPU.ActiveCfg = Debug|Any CPU
		{A554C730-5B78-4515-86DE-B6CB2CC9B234}.Debug|Any CPU.Build.0 = Debug|Any CPU
		{A554C730-5B78-4515-86DE-B6CB2CC9B234}.Release|Any CPU.ActiveCfg = Release|Any CPU
		{A554C730-5B78-4515-86DE-B6CB2CC9B234}.Release|Any CPU.Build.0 = Release|Any CPU
	EndGlobalSection
	GlobalSection(SolutionProperties) = preSolution
		HideSolutionNode = FALSE
	EndGlobalSection
	GlobalSection(ExtensibilityGlobals) = postSolution
		SolutionGuid = {2078D60F-E16D-4A3F-9B56-8C0D86264FF9}
	EndGlobalSection
EndGlobal
